{
  "name": "crypto-data",
  "version": "1.0.0",
  "lockfileVersion": 1,
  "requires": true,
  "dependencies": {
    "ccxt": {
      "version": "1.53.61",
      "resolved": "https://registry.npmjs.org/ccxt/-/ccxt-1.53.61.tgz",
      "integrity": "sha512-tSc5l2+ehag0bLXyNwQ1LnEPvDtovV0ceLN5F3DQVe7jXuQj3tbF9yk9ueBHIEB4UnndATdtaTSMvLygOVTDBQ=="
    }
  }
}
